
Microsoft Visual Studio Solution File, Format Version 12.00
# Visual Studio Version 17
VisualStudioVersion = 17.14.36414.22 d17.14
MinimumVisualStudioVersion = 10.0.40219.1
Project("{FAE04EC0-301F-11D3-BF4B-00C04F79EFBC}") = "WindowsFormsFront", "WindowsFormsFront\WindowsFormsFront.csproj", "{CEC23AAC-57A6-4114-B5B6-31F4E2D0004C}"
EndProject
Project("{FAE04EC0-301F-11D3-BF4B-00C04F79EFBC}") = "negocio", "negocio\negocio.csproj", "{4F6FACD0-6676-4FC2-8B9C-EB2F545411F9}"
EndProject
Project("{FAE04EC0-301F-11D3-BF4B-00C04F79EFBC}") = "modelo", "modelo\modelo.csproj", "{8BF41CAB-AEEA-4C90-B68F-BD666CC5E348}"
EndProject
Global
	GlobalSection(SolutionConfigurationPlatforms) = preSolution
		Debug|Any CPU = Debug|Any CPU
		Release|Any CPU = Release|Any CPU
	EndGlobalSection
	GlobalSection(ProjectConfigurationPlatforms) = postSolution
		{CEC23AAC-57A6-4114-B5B6-31F4E2D0004C}.Debug|Any CPU.ActiveCfg = Debug|Any CPU
		{CEC23AAC-57A6-4114-B5B6-31F4E2D0004C}.Debug|Any CPU.Build.0 = Debug|Any CPU
		{CEC23AAC-57A6-4114-B5B6-31F4E2D0004C}.Release|Any CPU.ActiveCfg = Release|Any CPU
		{CEC23AAC-57A6-4114-B5B6-31F4E2D0004C}.Release|Any CPU.Build.0 = Release|Any CPU
		{4F6FACD0-6676-4FC2-8B9C-EB2F545411F9}.Debug|Any CPU.ActiveCfg = Debug|Any CPU
		{4F6FACD0-6676-4FC2-8B9C-EB2F545411F9}.Debug|Any CPU.Build.0 = Debug|Any CPU
		{4F6FACD0-6676-4FC2-8B9C-EB2F545411F9}.Release|Any CPU.ActiveCfg = Release|Any CPU
		{4F6FACD0-6676-4FC2-8B9C-EB2F545411F9}.Release|Any CPU.Build.0 = Release|Any CPU
		{8BF41CAB-AEEA-4C90-B68F-BD666CC5E348}.Debug|Any CPU.ActiveCfg = Debug|Any CPU
		{8BF41CAB-AEEA-4C90-B68F-BD666CC5E348}.Debug|Any CPU.Build.0 = Debug|Any CPU
		{8BF41CAB-AEEA-4C90-B68F-BD666CC5E348}.Release|Any CPU.ActiveCfg = Release|Any CPU
		{8BF41CAB-AEEA-4C90-B68F-BD666CC5E348}.Release|Any CPU.Build.0 = Release|Any CPU
	EndGlobalSection
	GlobalSection(SolutionProperties) = preSolution
		HideSolutionNode = FALSE
	EndGlobalSection
	GlobalSection(ExtensibilityGlobals) = postSolution
		SolutionGuid = {DC72D546-4A5D-4722-9E10-1DFD69396C8A}
	EndGlobalSection
EndGlobal
